// !$*UTF8*$!
{
	archiveVersion = 1;
	classes = {
	};
	objectVersion = 56;
	objects = {

/* Begin PBXBuildFile section */
		02959624A5982587B96798E2 /* CallKitProtocols.swift in Sources */ = {isa = PBXBuildFile; fileRef = A14066993B218B00EAB9281D /* CallKitProtocols.swift */; };
		0EFA00C96BE75477477D0764 /* CallManager.swift in Sources */ = {isa = PBXBuildFile; fileRef = B47152B25017465B10BC0D70 /* CallManager.swift */; };
		153F926AE75A9DEE3666FB43 /* AppCoordinator.swift in Sources */ = {isa = PBXBuildFile; fileRef = C0A7C61059E1FBED46737C3B /* AppCoordinator.swift */; };
		214BE7CF0C7B4A119FEB7999 /* CallScreen.swift in Sources */ = {isa = PBXBuildFile; fileRef = DE765871A2DC4733B411C8CB /* CallScreen.swift */; };
		37A2552CD8F5FECEAF8CFE8C /* SessionLogger.swift in Sources */ = {isa = PBXBuildFile; fileRef = 750AD0E191A00BF314925834 /* SessionLogger.swift */; };
		3AF7500883614872B893F60F /* VoiceModels.swift in Sources */ = {isa = PBXBuildFile; fileRef = 78DC8E30FF4444B1B6907FD4 /* VoiceModels.swift */; };
		4842ACCA0B0D43E4989ABC29 /* VoicePreviewService.swift in Sources */ = {isa = PBXBuildFile; fileRef = 9ACA884917C34E0C8DEDA8FD /* VoicePreviewService.swift */; };
		610FF6E03DEB7DEBB6E8FB0B /* SettingsScreen.swift in Sources */ = {isa = PBXBuildFile; fileRef = A79AD2CD15C369F5E45DDE03 /* SettingsScreen.swift */; };
		6C58F99A69ECED8053CC2CBF /* AuthService.swift in Sources */ = {isa = PBXBuildFile; fileRef = A9AEA20E2FF6F23D5382061B /* AuthService.swift */; };
		845B4F43C53ADB1782DD323B /* SessionDetailScreen.swift in Sources */ = {isa = PBXBuildFile; fileRef = 6FB9C43A548091AD05A0CE38 /* SessionDetailScreen.swift */; };
		8ACAA9DD5F346B0A84B2425C /* AssistantCallCoordinator.swift in Sources */ = {isa = PBXBuildFile; fileRef = 1C6E520133E6480097751AFA /* AssistantCallCoordinator.swift */; };
		95C58B642B75208B00FB7199 /* ContentView.swift in Sources */ = {isa = PBXBuildFile; fileRef = 95C58B632B75208B00FB7199 /* ContentView.swift */; };
		95C58B662B75208F00FB7199 /* Assets.xcassets in Resources */ = {isa = PBXBuildFile; fileRef = 95C58B652B75208F00FB7199 /* Assets.xcassets */; };
		95C58B692B75208F00FB7199 /* Preview Assets.xcassets in Resources */ = {isa = PBXBuildFile; fileRef = 95C58B682B75208F00FB7199 /* Preview Assets.xcassets */; };
		95C58B732B75208F00FB7199 /* CarPlaySwiftUITests.swift in Sources */ = {isa = PBXBuildFile; fileRef = 95C58B722B75208F00FB7199 /* CarPlaySwiftUITests.swift */; };
		95C58B7D2B75208F00FB7199 /* CarPlaySwiftUIUITests.swift in Sources */ = {isa = PBXBuildFile; fileRef = 95C58B7C2B75208F00FB7199 /* CarPlaySwiftUIUITests.swift */; };
		95C58B7F2B75208F00FB7199 /* CarPlaySwiftUIUITestsLaunchTests.swift in Sources */ = {isa = PBXBuildFile; fileRef = 95C58B7E2B75208F00FB7199 /* CarPlaySwiftUIUITestsLaunchTests.swift */; };
		95C58B8C2B75212C00FB7199 /* CarPlaySceneDelegate.swift in Sources */ = {isa = PBXBuildFile; fileRef = 95C58B8B2B75212C00FB7199 /* CarPlaySceneDelegate.swift */; };
		95C58B8E2B75214A00FB7199 /* AppDelegate.swift in Sources */ = {isa = PBXBuildFile; fileRef = 95C58B8D2B75214A00FB7199 /* AppDelegate.swift */; };
		95C58B912B75219900FB7199 /* SceneDelegate.swift in Sources */ = {isa = PBXBuildFile; fileRef = 95C58B902B75219900FB7199 /* SceneDelegate.swift */; };
		95C58B942B7521F600FB7199 /* CarPlay.framework in Frameworks */ = {isa = PBXBuildFile; fileRef = 95C58B932B7521F600FB7199 /* CarPlay.framework */; };
		960754B4CF9635E3890DF8F5 /* Session.swift in Sources */ = {isa = PBXBuildFile; fileRef = 5F4B35EC9C1C4B6E70B04D67 /* Session.swift */; };
		971D1764C310045005E2A072 /* UserSettings.swift in Sources */ = {isa = PBXBuildFile; fileRef = EE42B9415312B56F7EA4DB3F /* UserSettings.swift */; };
		B70B57852EC2557700966EC2 /* LiveKit in Frameworks */ = {isa = PBXBuildFile; productRef = A7E8F3C4D6B9E1F2A8C5D7E9 /* LiveKit */; };
		C6B1538D152779247A875680 /* Configuration.swift in Sources */ = {isa = PBXBuildFile; fileRef = 955C4F1C4DA930C652EC715E /* Configuration.swift */; };
		D7C6E8F9A5B4D3E7C8F1E6D9 /* CallManagerTests.swift in Sources */ = {isa = PBXBuildFile; fileRef = C5F8E9D7A6B4F3E8D9C2E7F1 /* CallManagerTests.swift */; };
		D8E9F7C6A4E5D9F8C7E3F6E5 /* AuthServiceTests.swift in Sources */ = {isa = PBXBuildFile; fileRef = F8D9E7C6B5A4F3E8D9F2E7C5 /* AuthServiceTests.swift */; };
		D8F42AA5313BE73F164402E2 /* OnboardingScreen.swift in Sources */ = {isa = PBXBuildFile; fileRef = C97D27792DB98A6415A139B2 /* OnboardingScreen.swift */; };
		E5FF4269A0FC19DD60EBAE80 /* LiveKitService.swift in Sources */ = {isa = PBXBuildFile; fileRef = 9675F68966B06ED84429C11C /* LiveKitService.swift */; };
		E8A9C5D4F7B2E6A3D8C1F4E5 /* MockCallKit.swift in Sources */ = {isa = PBXBuildFile; fileRef = A3D8E9F7C5B4A2E8D9F1C6E7 /* MockCallKit.swift */; };
		E8D9F7C6A5E4D8F9C7E1F6E2 /* AssistantCallCoordinatorTests.swift in Sources */ = {isa = PBXBuildFile; fileRef = D6E9F8C7B5A4E3D9F8C2E7F3 /* AssistantCallCoordinatorTests.swift */; };
		F3A0905138AE4C6D8DEA3AEE /* HomeScreen.swift in Sources */ = {isa = PBXBuildFile; fileRef = 5C19B09085B304D9CC60C038 /* HomeScreen.swift */; };
		F74BBF634EE88CF77F326089 /* SessionsListScreen.swift in Sources */ = {isa = PBXBuildFile; fileRef = 41AE9456A9C81A52015484E0 /* SessionsListScreen.swift */; };
		F9B8E7C6D5A4F3E8C9D2E5F6 /* MockURLProtocol.swift in Sources */ = {isa = PBXBuildFile; fileRef = B4E9F8D7C6A5E3F9D8C1F7E8 /* MockURLProtocol.swift */; };
		F9E8D7C6B5F4E9D8C7F2E6D3 /* SessionLoggerTests.swift in Sources */ = {isa = PBXBuildFile; fileRef = E7F9D8C6A5B4F3E9D8C1F7E4 /* SessionLoggerTests.swift */; };
		96E063464E4D416BAE82EC13 /* HybridSessionLogger.swift in Sources */ = {isa = PBXBuildFile; fileRef = 9A6D2EE242DA425281900EEA /* HybridSessionLogger.swift */; };
		DF0819F8ED1C4FE18C56788D /* CloudKitSyncService.swift in Sources */ = {isa = PBXBuildFile; fileRef = 29424058412245489CA329CA /* CloudKitSyncService.swift */; };
		C2FC9EF0EBF6452690F587BF /* SubscriptionState.swift in Sources */ = {isa = PBXBuildFile; fileRef = B3F5943C283B404B89029CE0 /* SubscriptionState.swift */; };
		7EC82C708D8F430B9BA81C05 /* SubscriptionManager.swift in Sources */ = {isa = PBXBuildFile; fileRef = 829B55CB659A4D1EB73FFBE6 /* SubscriptionManager.swift */; };
		D2A4A4E922E540E6970F7382 /* EntitlementsCache.swift in Sources */ = {isa = PBXBuildFile; fileRef = 49F0AD0C7FEA4A1C9C5B804C /* EntitlementsCache.swift */; };
		9606A4FD17E64865A0E2CA25 /* IAPAPI.swift in Sources */ = {isa = PBXBuildFile; fileRef = E7E3CCB8B87D473BAEDB0C38 /* IAPAPI.swift */; };
		A1B2C3D4E5F6A7B8C9D0E1F2 /* HapticFeedbackService.swift in Sources */ = {isa = PBXBuildFile; fileRef = B2C3D4E5F6A7B8C9D0E1F2A3 /* HapticFeedbackService.swift */; };
		C3D4E5F6A7B8C9D0E1F2A3B4 /* TimeFormatter.swift in Sources */ = {isa = PBXBuildFile; fileRef = D4E5F6A7B8C9D0E1F2A3B4C5 /* TimeFormatter.swift */; };
		D6AEBBFBAA7C4BA88E7394B9 /* PaywallView.swift in Sources */ = {isa = PBXBuildFile; fileRef = F17B3090761A4B06AEFC756F /* PaywallView.swift */; };
/* End PBXBuildFile section */

/* Begin PBXContainerItemProxy section */
		95C58B6F2B75208F00FB7199 /* PBXContainerItemProxy */ = {
			isa = PBXContainerItemProxy;
			containerPortal = 95C58B562B75208B00FB7199 /* Project object */;
			proxyType = 1;
			remoteGlobalIDString = 95C58B5D2B75208B00FB7199;
			remoteInfo = Shaw;
		};
		95C58B792B75208F00FB7199 /* PBXContainerItemProxy */ = {
			isa = PBXContainerItemProxy;
			containerPortal = 95C58B562B75208B00FB7199 /* Project object */;
			proxyType = 1;
			remoteGlobalIDString = 95C58B5D2B75208B00FB7199;
			remoteInfo = Shaw;
		};
/* End PBXContainerItemProxy section */

/* Begin PBXFileReference section */
		1C6E520133E6480097751AFA /* AssistantCallCoordinator.swift */ = {isa = PBXFileReference; lastKnownFileType = sourcecode.swift; path = AssistantCallCoordinator.swift; sourceTree = "<group>"; };
		29424058412245489CA329CA /* CloudKitSyncService.swift */ = {isa = PBXFileReference; lastKnownFileType = sourcecode.swift; path = CloudKitSyncService.swift; sourceTree = "<group>"; };
		41AE9456A9C81A52015484E0 /* SessionsListScreen.swift */ = {isa = PBXFileReference; lastKnownFileType = sourcecode.swift; path = SessionsListScreen.swift; sourceTree = "<group>"; };
		5C19B09085B304D9CC60C038 /* HomeScreen.swift */ = {isa = PBXFileReference; lastKnownFileType = sourcecode.swift; path = HomeScreen.swift; sourceTree = "<group>"; };
		5F4B35EC9C1C4B6E70B04D67 /* Session.swift */ = {isa = PBXFileReference; lastKnownFileType = sourcecode.swift; path = Session.swift; sourceTree = "<group>"; };
		6FB9C43A548091AD05A0CE38 /* SessionDetailScreen.swift */ = {isa = PBXFileReference; lastKnownFileType = sourcecode.swift; path = SessionDetailScreen.swift; sourceTree = "<group>"; };
		750AD0E191A00BF314925834 /* SessionLogger.swift */ = {isa = PBXFileReference; lastKnownFileType = sourcecode.swift; path = SessionLogger.swift; sourceTree = "<group>"; };
		78DC8E30FF4444B1B6907FD4 /* VoiceModels.swift */ = {isa = PBXFileReference; lastKnownFileType = sourcecode.swift; path = VoiceModels.swift; sourceTree = "<group>"; };
		955C4F1C4DA930C652EC715E /* Configuration.swift */ = {isa = PBXFileReference; lastKnownFileType = sourcecode.swift; path = Configuration.swift; sourceTree = "<group>"; };
		95C58B5E2B75208B00FB7199 /* Shaw.app */ = {isa = PBXFileReference; explicitFileType = wrapper.application; includeInIndex = 0; path = Shaw.app; sourceTree = BUILT_PRODUCTS_DIR; };
		95C58B632B75208B00FB7199 /* ContentView.swift */ = {isa = PBXFileReference; lastKnownFileType = sourcecode.swift; path = ContentView.swift; sourceTree = "<group>"; };
		95C58B652B75208F00FB7199 /* Assets.xcassets */ = {isa = PBXFileReference; lastKnownFileType = folder.assetcatalog; path = Assets.xcassets; sourceTree = "<group>"; };
		95C58B682B75208F00FB7199 /* Preview Assets.xcassets */ = {isa = PBXFileReference; lastKnownFileType = folder.assetcatalog; path = "Preview Assets.xcassets"; sourceTree = "<group>"; };
		95C58B6E2B75208F00FB7199 /* ShawTests.xctest */ = {isa = PBXFileReference; explicitFileType = wrapper.cfbundle; includeInIndex = 0; path = ShawTests.xctest; sourceTree = BUILT_PRODUCTS_DIR; };
		95C58B722B75208F00FB7199 /* CarPlaySwiftUITests.swift */ = {isa = PBXFileReference; lastKnownFileType = sourcecode.swift; path = CarPlaySwiftUITests.swift; sourceTree = "<group>"; };
		95C58B782B75208F00FB7199 /* ShawUITests.xctest */ = {isa = PBXFileReference; explicitFileType = wrapper.cfbundle; includeInIndex = 0; path = ShawUITests.xctest; sourceTree = BUILT_PRODUCTS_DIR; };
		95C58B7C2B75208F00FB7199 /* CarPlaySwiftUIUITests.swift */ = {isa = PBXFileReference; lastKnownFileType = sourcecode.swift; path = CarPlaySwiftUIUITests.swift; sourceTree = "<group>"; };
		95C58B7E2B75208F00FB7199 /* CarPlaySwiftUIUITestsLaunchTests.swift */ = {isa = PBXFileReference; lastKnownFileType = sourcecode.swift; path = CarPlaySwiftUIUITestsLaunchTests.swift; sourceTree = "<group>"; };
		95C58B8B2B75212C00FB7199 /* CarPlaySceneDelegate.swift */ = {isa = PBXFileReference; lastKnownFileType = sourcecode.swift; path = CarPlaySceneDelegate.swift; sourceTree = "<group>"; };
		95C58B8D2B75214A00FB7199 /* AppDelegate.swift */ = {isa = PBXFileReference; lastKnownFileType = sourcecode.swift; path = AppDelegate.swift; sourceTree = "<group>"; };
		95C58B8F2B75216A00FB7199 /* Info.plist */ = {isa = PBXFileReference; lastKnownFileType = text.plist; path = Info.plist; sourceTree = "<group>"; };
		95C58B902B75219900FB7199 /* SceneDelegate.swift */ = {isa = PBXFileReference; lastKnownFileType = sourcecode.swift; path = SceneDelegate.swift; sourceTree = "<group>"; };
		95C58B932B7521F600FB7199 /* CarPlay.framework */ = {isa = PBXFileReference; lastKnownFileType = wrapper.framework; name = CarPlay.framework; path = System/Library/Frameworks/CarPlay.framework; sourceTree = SDKROOT; };
		95C58B952B75234300FB7199 /* Shaw.entitlements */ = {isa = PBXFileReference; lastKnownFileType = text.plist.entitlements; path = Shaw.entitlements; sourceTree = "<group>"; };
		9675F68966B06ED84429C11C /* LiveKitService.swift */ = {isa = PBXFileReference; lastKnownFileType = sourcecode.swift; path = LiveKitService.swift; sourceTree = "<group>"; };
		9A6D2EE242DA425281900EEA /* HybridSessionLogger.swift */ = {isa = PBXFileReference; lastKnownFileType = sourcecode.swift; path = HybridSessionLogger.swift; sourceTree = "<group>"; };
		9ACA884917C34E0C8DEDA8FD /* VoicePreviewService.swift */ = {isa = PBXFileReference; lastKnownFileType = sourcecode.swift; path = VoicePreviewService.swift; sourceTree = "<group>"; };
		A14066993B218B00EAB9281D /* CallKitProtocols.swift */ = {isa = PBXFileReference; lastKnownFileType = sourcecode.swift; path = CallKitProtocols.swift; sourceTree = "<group>"; };
		A3D8E9F7C5B4A2E8D9F1C6E7 /* MockCallKit.swift */ = {isa = PBXFileReference; lastKnownFileType = sourcecode.swift; path = MockCallKit.swift; sourceTree = "<group>"; };
		A79AD2CD15C369F5E45DDE03 /* SettingsScreen.swift */ = {isa = PBXFileReference; lastKnownFileType = sourcecode.swift; path = SettingsScreen.swift; sourceTree = "<group>"; };
		A9AEA20E2FF6F23D5382061B /* AuthService.swift */ = {isa = PBXFileReference; lastKnownFileType = sourcecode.swift; path = AuthService.swift; sourceTree = "<group>"; };
		B47152B25017465B10BC0D70 /* CallManager.swift */ = {isa = PBXFileReference; lastKnownFileType = sourcecode.swift; path = CallManager.swift; sourceTree = "<group>"; };
		B4E9F8D7C6A5E3F9D8C1F7E8 /* MockURLProtocol.swift */ = {isa = PBXFileReference; lastKnownFileType = sourcecode.swift; path = MockURLProtocol.swift; sourceTree = "<group>"; };
		B70B57872EC2785D00966EC2 /* Shaw.xctestplan */ = {isa = PBXFileReference; lastKnownFileType = text; path = Shaw.xctestplan; sourceTree = "<group>"; };
		C0A7C61059E1FBED46737C3B /* AppCoordinator.swift */ = {isa = PBXFileReference; lastKnownFileType = sourcecode.swift; path = AppCoordinator.swift; sourceTree = "<group>"; };
		C5F8E9D7A6B4F3E8D9C2E7F1 /* CallManagerTests.swift */ = {isa = PBXFileReference; lastKnownFileType = sourcecode.swift; path = CallManagerTests.swift; sourceTree = "<group>"; };
		C97D27792DB98A6415A139B2 /* OnboardingScreen.swift */ = {isa = PBXFileReference; lastKnownFileType = sourcecode.swift; path = OnboardingScreen.swift; sourceTree = "<group>"; };
		D6E9F8C7B5A4E3D9F8C2E7F3 /* AssistantCallCoordinatorTests.swift */ = {isa = PBXFileReference; lastKnownFileType = sourcecode.swift; path = AssistantCallCoordinatorTests.swift; sourceTree = "<group>"; };
		DE765871A2DC4733B411C8CB /* CallScreen.swift */ = {isa = PBXFileReference; lastKnownFileType = sourcecode.swift; path = CallScreen.swift; sourceTree = "<group>"; };
		E7F9D8C6A5B4F3E9D8C1F7E4 /* SessionLoggerTests.swift */ = {isa = PBXFileReference; lastKnownFileType = sourcecode.swift; path = SessionLoggerTests.swift; sourceTree = "<group>"; };
		EE42B9415312B56F7EA4DB3F /* UserSettings.swift */ = {isa = PBXFileReference; lastKnownFileType = sourcecode.swift; path = UserSettings.swift; sourceTree = "<group>"; };
		F8D9E7C6B5A4F3E8D9F2E7C5 /* AuthServiceTests.swift */ = {isa = PBXFileReference; lastKnownFileType = sourcecode.swift; path = AuthServiceTests.swift; sourceTree = "<group>"; };
		B3F5943C283B404B89029CE0 /* SubscriptionState.swift */ = {isa = PBXFileReference; lastKnownFileType = sourcecode.swift; path = SubscriptionState.swift; sourceTree = "<group>"; };
		829B55CB659A4D1EB73FFBE6 /* SubscriptionManager.swift */ = {isa = PBXFileReference; lastKnownFileType = sourcecode.swift; path = SubscriptionManager.swift; sourceTree = "<group>"; };
		49F0AD0C7FEA4A1C9C5B804C /* EntitlementsCache.swift */ = {isa = PBXFileReference; lastKnownFileType = sourcecode.swift; path = EntitlementsCache.swift; sourceTree = "<group>"; };
		E7E3CCB8B87D473BAEDB0C38 /* IAPAPI.swift */ = {isa = PBXFileReference; lastKnownFileType = sourcecode.swift; path = IAPAPI.swift; sourceTree = "<group>"; };
		B2C3D4E5F6A7B8C9D0E1F2A3 /* HapticFeedbackService.swift */ = {isa = PBXFileReference; lastKnownFileType = sourcecode.swift; path = HapticFeedbackService.swift; sourceTree = "<group>"; };
		D4E5F6A7B8C9D0E1F2A3B4C5 /* TimeFormatter.swift */ = {isa = PBXFileReference; lastKnownFileType = sourcecode.swift; path = TimeFormatter.swift; sourceTree = "<group>"; };
		F17B3090761A4B06AEFC756F /* PaywallView.swift */ = {isa = PBXFileReference; lastKnownFileType = sourcecode.swift; path = PaywallView.swift; sourceTree = "<group>"; };
/* End PBXFileReference section */

/* Begin PBXFrameworksBuildPhase section */
		95C58B5B2B75208B00FB7199 /* Frameworks */ = {
			isa = PBXFrameworksBuildPhase;
			buildActionMask = 2147483647;
			files = (
				B70B57852EC2557700966EC2 /* LiveKit in Frameworks */,
				95C58B942B7521F600FB7199 /* CarPlay.framework in Frameworks */,
			);
			runOnlyForDeploymentPostprocessing = 0;
		};
		95C58B6B2B75208F00FB7199 /* Frameworks */ = {
			isa = PBXFrameworksBuildPhase;
			buildActionMask = 2147483647;
			files = (
			);
			runOnlyForDeploymentPostprocessing = 0;
		};
		95C58B752B75208F00FB7199 /* Frameworks */ = {
			isa = PBXFrameworksBuildPhase;
			buildActionMask = 2147483647;
			files = (
			);
			runOnlyForDeploymentPostprocessing = 0;
		};
/* End PBXFrameworksBuildPhase section */

/* Begin PBXGroup section */
		30F3F8C2C66A0F53C7A9EF9F /* Coordinators */ = {
			isa = PBXGroup;
			children = (
				C0A7C61059E1FBED46737C3B /* AppCoordinator.swift */,
				1C6E520133E6480097751AFA /* AssistantCallCoordinator.swift */,
			);
			path = Coordinators;
			sourceTree = "<group>";
		};
		564EAF51B7DD4639ADD9B985 /* Services */ = {
			isa = PBXGroup;
			children = (
				B47152B25017465B10BC0D70 /* CallManager.swift */,
				A14066993B218B00EAB9281D /* CallKitProtocols.swift */,
				9675F68966B06ED84429C11C /* LiveKitService.swift */,
				750AD0E191A00BF314925834 /* SessionLogger.swift */,
				9A6D2EE242DA425281900EEA /* HybridSessionLogger.swift */,
				29424058412245489CA329CA /* CloudKitSyncService.swift */,
				A9AEA20E2FF6F23D5382061B /* AuthService.swift */,
				955C4F1C4DA930C652EC715E /* Configuration.swift */,
				9ACA884917C34E0C8DEDA8FD /* VoicePreviewService.swift */,
				829B55CB659A4D1EB73FFBE6 /* SubscriptionManager.swift */,
				49F0AD0C7FEA4A1C9C5B804C /* EntitlementsCache.swift */,
				E7E3CCB8B87D473BAEDB0C38 /* IAPAPI.swift */,
				B2C3D4E5F6A7B8C9D0E1F2A3 /* HapticFeedbackService.swift */,
				D4E5F6A7B8C9D0E1F2A3B4C5 /* TimeFormatter.swift */,
			);
			path = Services;
			sourceTree = "<group>";
		};
		8429FDD5624F6DF9D0F3F475 /* Screens */ = {
			isa = PBXGroup;
			children = (
				5C19B09085B304D9CC60C038 /* HomeScreen.swift */,
				C97D27792DB98A6415A139B2 /* OnboardingScreen.swift */,
				41AE9456A9C81A52015484E0 /* SessionsListScreen.swift */,
				6FB9C43A548091AD05A0CE38 /* SessionDetailScreen.swift */,
				A79AD2CD15C369F5E45DDE03 /* SettingsScreen.swift */,
				DE765871A2DC4733B411C8CB /* CallScreen.swift */,
				F17B3090761A4B06AEFC756F /* PaywallView.swift */,
			);
			path = Screens;
			sourceTree = "<group>";
		};
		95C58B552B75208B00FB7199 = {
			isa = PBXGroup;
			children = (
				B70B57872EC2785D00966EC2 /* Shaw.xctestplan */,
				95C58B602B75208B00FB7199 /* Shaw */,
				95C58B712B75208F00FB7199 /* ShawTests */,
				95C58B7B2B75208F00FB7199 /* ShawUITests */,
				95C58B5F2B75208B00FB7199 /* Products */,
				95C58B922B7521F600FB7199 /* Frameworks */,
			);
			sourceTree = "<group>";
		};
		95C58B5F2B75208B00FB7199 /* Products */ = {
			isa = PBXGroup;
			children = (
				95C58B5E2B75208B00FB7199 /* Shaw.app */,
				95C58B6E2B75208F00FB7199 /* ShawTests.xctest */,
				95C58B782B75208F00FB7199 /* ShawUITests.xctest */,
			);
			name = Products;
			sourceTree = "<group>";
		};
		95C58B602B75208B00FB7199 = {
			isa = PBXGroup;
			children = (
				95C58B8D2B75214A00FB7199 /* AppDelegate.swift */,
				95C58B902B75219900FB7199 /* SceneDelegate.swift */,
				95C58B8B2B75212C00FB7199 /* CarPlaySceneDelegate.swift */,
				95C58B632B75208B00FB7199 /* ContentView.swift */,
				564EAF51B7DD4639ADD9B985 /* Services */,
				9CF43B31E8845D861542A38E /* Models */,
				8429FDD5624F6DF9D0F3F475 /* Screens */,
				30F3F8C2C66A0F53C7A9EF9F /* Coordinators */,
				95C58B8F2B75216A00FB7199 /* Info.plist */,
				95C58B652B75208F00FB7199 /* Assets.xcassets */,
				95C58B952B75234300FB7199 /* Shaw.entitlements */,
				95C58B672B75208F00FB7199 /* Preview Content */,
			);
			name = Shaw;
			sourceTree = "<group>";
		};
		95C58B672B75208F00FB7199 /* Preview Content */ = {
			isa = PBXGroup;
			children = (
				95C58B682B75208F00FB7199 /* Preview Assets.xcassets */,
			);
			path = "Preview Content";
			sourceTree = "<group>";
		};
		95C58B712B75208F00FB7199 /* ShawTests */ = {
			isa = PBXGroup;
			children = (
				95C58B722B75208F00FB7199 /* CarPlaySwiftUITests.swift */,
				C5F8E9D7A6B4F3E8D9C2E7F1 /* CallManagerTests.swift */,
				D6E9F8C7B5A4E3D9F8C2E7F3 /* AssistantCallCoordinatorTests.swift */,
				E7F9D8C6A5B4F3E9D8C1F7E4 /* SessionLoggerTests.swift */,
				F8D9E7C6B5A4F3E8D9F2E7C5 /* AuthServiceTests.swift */,
				A9E8D7F6C5B4E3D8F9C1E7A2 /* Mocks */,
			);
			path = ShawTests;
			sourceTree = "<group>";
		};
		95C58B7B2B75208F00FB7199 /* ShawUITests */ = {
			isa = PBXGroup;
			children = (
				95C58B7C2B75208F00FB7199 /* CarPlaySwiftUIUITests.swift */,
				95C58B7E2B75208F00FB7199 /* CarPlaySwiftUIUITestsLaunchTests.swift */,
			);
			path = ShawUITests;
			sourceTree = "<group>";
		};
		95C58B922B7521F600FB7199 /* Frameworks */ = {
			isa = PBXGroup;
			children = (
				95C58B932B7521F600FB7199 /* CarPlay.framework */,
			);
			name = Frameworks;
			sourceTree = "<group>";
		};
		9CF43B31E8845D861542A38E /* Models */ = {
			isa = PBXGroup;
			children = (
				5F4B35EC9C1C4B6E70B04D67 /* Session.swift */,
				EE42B9415312B56F7EA4DB3F /* UserSettings.swift */,
				78DC8E30FF4444B1B6907FD4 /* VoiceModels.swift */,
				B3F5943C283B404B89029CE0 /* SubscriptionState.swift */,
			);
			path = Models;
			sourceTree = "<group>";
		};
		A9E8D7F6C5B4E3D8F9C1E7A2 /* Mocks */ = {
			isa = PBXGroup;
			children = (
				A3D8E9F7C5B4A2E8D9F1C6E7 /* MockCallKit.swift */,
				B4E9F8D7C6A5E3F9D8C1F7E8 /* MockURLProtocol.swift */,
			);
			path = Mocks;
			sourceTree = "<group>";
		};
/* End PBXGroup section */

/* Begin PBXNativeTarget section */
		95C58B5D2B75208B00FB7199 /* Shaw */ = {
			isa = PBXNativeTarget;
			buildConfigurationList = 95C58B822B75208F00FB7199 /* Build configuration list for PBXNativeTarget "Shaw" */;
			buildPhases = (
				95C58B5A2B75208B00FB7199 /* Sources */,
				95C58B5B2B75208B00FB7199 /* Frameworks */,
				95C58B5C2B75208B00FB7199 /* Resources */,
			);
			buildRules = (
			);
			dependencies = (
			);
			name = Shaw;
			packageProductDependencies = (
				A7E8F3C4D6B9E1F2A8C5D7E9 /* LiveKit */,
			);
			productName = Shaw;
			productReference = 95C58B5E2B75208B00FB7199 /* Shaw.app */;
			productType = "com.apple.product-type.application";
		};
		95C58B6D2B75208F00FB7199 /* ShawTests */ = {
			isa = PBXNativeTarget;
			buildConfigurationList = 95C58B852B75208F00FB7199 /* Build configuration list for PBXNativeTarget "ShawTests" */;
			buildPhases = (
				95C58B6A2B75208F00FB7199 /* Sources */,
				95C58B6B2B75208F00FB7199 /* Frameworks */,
				95C58B6C2B75208F00FB7199 /* Resources */,
			);
			buildRules = (
			);
			dependencies = (
				95C58B702B75208F00FB7199 /* PBXTargetDependency */,
			);
			name = ShawTests;
			productName = ShawTests;
			productReference = 95C58B6E2B75208F00FB7199 /* ShawTests.xctest */;
			productType = "com.apple.product-type.bundle.unit-test";
		};
		95C58B772B75208F00FB7199 /* ShawUITests */ = {
			isa = PBXNativeTarget;
			buildConfigurationList = 95C58B882B75208F00FB7199 /* Build configuration list for PBXNativeTarget "ShawUITests" */;
			buildPhases = (
				95C58B742B75208F00FB7199 /* Sources */,
				95C58B752B75208F00FB7199 /* Frameworks */,
				95C58B762B75208F00FB7199 /* Resources */,
			);
			buildRules = (
			);
			dependencies = (
				95C58B7A2B75208F00FB7199 /* PBXTargetDependency */,
			);
			name = ShawUITests;
			productName = ShawUITests;
			productReference = 95C58B782B75208F00FB7199 /* ShawUITests.xctest */;
			productType = "com.apple.product-type.bundle.ui-testing";
		};
/* End PBXNativeTarget section */

/* Begin PBXProject section */
		95C58B562B75208B00FB7199 /* Project object */ = {
			isa = PBXProject;
			attributes = {
				BuildIndependentTargetsInParallel = 1;
				LastSwiftUpdateCheck = 1520;
				LastUpgradeCheck = 2610;
				TargetAttributes = {
					95C58B5D2B75208B00FB7199 = {
						CreatedOnToolsVersion = 15.2;
					};
					95C58B6D2B75208F00FB7199 = {
						CreatedOnToolsVersion = 15.2;
						TestTargetID = 95C58B5D2B75208B00FB7199;
					};
					95C58B772B75208F00FB7199 = {
						CreatedOnToolsVersion = 15.2;
						TestTargetID = 95C58B5D2B75208B00FB7199;
					};
				};
			};
			buildConfigurationList = 95C58B592B75208B00FB7199 /* Build configuration list for PBXProject "Shaw" */;
			compatibilityVersion = "Xcode 14.0";
			developmentRegion = en;
			hasScannedForEncodings = 0;
			knownRegions = (
				en,
				Base,
			);
			mainGroup = 95C58B552B75208B00FB7199;
			packageReferences = (
				B70B57862EC2595900966EC2 /* XCRemoteSwiftPackageReference "client-sdk-swift" */,
			);
			productRefGroup = 95C58B5F2B75208B00FB7199 /* Products */;
			projectDirPath = "";
			projectRoot = "";
			targets = (
				95C58B5D2B75208B00FB7199 /* Shaw */,
				95C58B6D2B75208F00FB7199 /* ShawTests */,
				95C58B772B75208F00FB7199 /* ShawUITests */,
			);
		};
/* End PBXProject section */

/* Begin PBXResourcesBuildPhase section */
		95C58B5C2B75208B00FB7199 /* Resources */ = {
			isa = PBXResourcesBuildPhase;
			buildActionMask = 2147483647;
			files = (
				95C58B692B75208F00FB7199 /* Preview Assets.xcassets in Resources */,
				95C58B662B75208F00FB7199 /* Assets.xcassets in Resources */,
			);
			runOnlyForDeploymentPostprocessing = 0;
		};
		95C58B6C2B75208F00FB7199 /* Resources */ = {
			isa = PBXResourcesBuildPhase;
			buildActionMask = 2147483647;
			files = (
			);
			runOnlyForDeploymentPostprocessing = 0;
		};
		95C58B762B75208F00FB7199 /* Resources */ = {
			isa = PBXResourcesBuildPhase;
			buildActionMask = 2147483647;
			files = (
			);
			runOnlyForDeploymentPostprocessing = 0;
		};
/* End PBXResourcesBuildPhase section */

/* Begin PBXSourcesBuildPhase section */
		95C58B5A2B75208B00FB7199 /* Sources */ = {
			isa = PBXSourcesBuildPhase;
			buildActionMask = 2147483647;
			files = (
				95C58B912B75219900FB7199 /* SceneDelegate.swift in Sources */,
				95C58B8E2B75214A00FB7199 /* AppDelegate.swift in Sources */,
				95C58B642B75208B00FB7199 /* ContentView.swift in Sources */,
				95C58B8C2B75212C00FB7199 /* CarPlaySceneDelegate.swift in Sources */,
				0EFA00C96BE75477477D0764 /* CallManager.swift in Sources */,
				02959624A5982587B96798E2 /* CallKitProtocols.swift in Sources */,
				E5FF4269A0FC19DD60EBAE80 /* LiveKitService.swift in Sources */,
				37A2552CD8F5FECEAF8CFE8C /* SessionLogger.swift in Sources */,
				96E063464E4D416BAE82EC13 /* HybridSessionLogger.swift in Sources */,
				DF0819F8ED1C4FE18C56788D /* CloudKitSyncService.swift in Sources */,
				6C58F99A69ECED8053CC2CBF /* AuthService.swift in Sources */,
				C6B1538D152779247A875680 /* Configuration.swift in Sources */,
				960754B4CF9635E3890DF8F5 /* Session.swift in Sources */,
				971D1764C310045005E2A072 /* UserSettings.swift in Sources */,
				F3A0905138AE4C6D8DEA3AEE /* HomeScreen.swift in Sources */,
				D8F42AA5313BE73F164402E2 /* OnboardingScreen.swift in Sources */,
				F74BBF634EE88CF77F326089 /* SessionsListScreen.swift in Sources */,
				845B4F43C53ADB1782DD323B /* SessionDetailScreen.swift in Sources */,
				610FF6E03DEB7DEBB6E8FB0B /* SettingsScreen.swift in Sources */,
				153F926AE75A9DEE3666FB43 /* AppCoordinator.swift in Sources */,
				8ACAA9DD5F346B0A84B2425C /* AssistantCallCoordinator.swift in Sources */,
				214BE7CF0C7B4A119FEB7999 /* CallScreen.swift in Sources */,
				4842ACCA0B0D43E4989ABC29 /* VoicePreviewService.swift in Sources */,
				3AF7500883614872B893F60F /* VoiceModels.swift in Sources */,
				C2FC9EF0EBF6452690F587BF /* SubscriptionState.swift in Sources */,
				7EC82C708D8F430B9BA81C05 /* SubscriptionManager.swift in Sources */,
				D2A4A4E922E540E6970F7382 /* EntitlementsCache.swift in Sources */,
				9606A4FD17E64865A0E2CA25 /* IAPAPI.swift in Sources */,
				A1B2C3D4E5F6A7B8C9D0E1F2 /* HapticFeedbackService.swift in Sources */,
				C3D4E5F6A7B8C9D0E1F2A3B4 /* TimeFormatter.swift in Sources */,
				D6AEBBFBAA7C4BA88E7394B9 /* PaywallView.swift in Sources */,
			);
			runOnlyForDeploymentPostprocessing = 0;
		};
		95C58B6A2B75208F00FB7199 /* Sources */ = {
			isa = PBXSourcesBuildPhase;
			buildActionMask = 2147483647;
			files = (
				95C58B732B75208F00FB7199 /* CarPlaySwiftUITests.swift in Sources */,
				E8A9C5D4F7B2E6A3D8C1F4E5 /* MockCallKit.swift in Sources */,
				F9B8E7C6D5A4F3E8C9D2E5F6 /* MockURLProtocol.swift in Sources */,
				D7C6E8F9A5B4D3E7C8F1E6D9 /* CallManagerTests.swift in Sources */,
				E8D9F7C6A5E4D8F9C7E1F6E2 /* AssistantCallCoordinatorTests.swift in Sources */,
				F9E8D7C6B5F4E9D8C7F2E6D3 /* SessionLoggerTests.swift in Sources */,
				D8E9F7C6A4E5D9F8C7E3F6E5 /* AuthServiceTests.swift in Sources */,
			);
			runOnlyForDeploymentPostprocessing = 0;
		};
		95C58B742B75208F00FB7199 /* Sources */ = {
			isa = PBXSourcesBuildPhase;
			buildActionMask = 2147483647;
			files = (
				95C58B7D2B75208F00FB7199 /* CarPlaySwiftUIUITests.swift in Sources */,
				95C58B7F2B75208F00FB7199 /* CarPlaySwiftUIUITestsLaunchTests.swift in Sources */,
			);
			runOnlyForDeploymentPostprocessing = 0;
		};
/* End PBXSourcesBuildPhase section */

/* Begin PBXTargetDependency section */
		95C58B702B75208F00FB7199 /* PBXTargetDependency */ = {
			isa = PBXTargetDependency;
			target = 95C58B5D2B75208B00FB7199 /* Shaw */;
			targetProxy = 95C58B6F2B75208F00FB7199 /* PBXContainerItemProxy */;
		};
		95C58B7A2B75208F00FB7199 /* PBXTargetDependency */ = {
			isa = PBXTargetDependency;
			target = 95C58B5D2B75208B00FB7199 /* Shaw */;
			targetProxy = 95C58B792B75208F00FB7199 /* PBXContainerItemProxy */;
		};
/* End PBXTargetDependency section */

/* Begin XCBuildConfiguration section */
		95C58B802B75208F00FB7199 /* Debug */ = {
			isa = XCBuildConfiguration;
			buildSettings = {
				ALWAYS_SEARCH_USER_PATHS = NO;
				ASSETCATALOG_COMPILER_GENERATE_SWIFT_ASSET_SYMBOL_EXTENSIONS = YES;
				CLANG_ANALYZER_NONNULL = YES;
				CLANG_ANALYZER_NUMBER_OBJECT_CONVERSION = YES_AGGRESSIVE;
				CLANG_CXX_LANGUAGE_STANDARD = "gnu++20";
				CLANG_ENABLE_MODULES = YES;
				CLANG_ENABLE_OBJC_ARC = YES;
				CLANG_ENABLE_OBJC_WEAK = YES;
				CLANG_WARN_BLOCK_CAPTURE_AUTORELEASING = YES;
				CLANG_WARN_BOOL_CONVERSION = YES;
				CLANG_WARN_COMMA = YES;
				CLANG_WARN_CONSTANT_CONVERSION = YES;
				CLANG_WARN_DEPRECATED_OBJC_IMPLEMENTATIONS = YES;
				CLANG_WARN_DIRECT_OBJC_ISA_USAGE = YES_ERROR;
				CLANG_WARN_DOCUMENTATION_COMMENTS = YES;
				CLANG_WARN_EMPTY_BODY = YES;
				CLANG_WARN_ENUM_CONVERSION = YES;
				CLANG_WARN_INFINITE_RECURSION = YES;
				CLANG_WARN_INT_CONVERSION = YES;
				CLANG_WARN_NON_LITERAL_NULL_CONVERSION = YES;
				CLANG_WARN_OBJC_IMPLICIT_RETAIN_SELF = YES;
				CLANG_WARN_OBJC_LITERAL_CONVERSION = YES;
				CLANG_WARN_OBJC_ROOT_CLASS = YES_ERROR;
				CLANG_WARN_QUOTED_INCLUDE_IN_FRAMEWORK_HEADER = YES;
				CLANG_WARN_RANGE_LOOP_ANALYSIS = YES;
				CLANG_WARN_STRICT_PROTOTYPES = YES;
				CLANG_WARN_SUSPICIOUS_MOVE = YES;
				CLANG_WARN_UNGUARDED_AVAILABILITY = YES_AGGRESSIVE;
				CLANG_WARN_UNREACHABLE_CODE = YES;
				CLANG_WARN__DUPLICATE_METHOD_MATCH = YES;
				COPY_PHASE_STRIP = NO;
				DEBUG_INFORMATION_FORMAT = dwarf;
				ENABLE_STRICT_OBJC_MSGSEND = YES;
				ENABLE_TESTABILITY = YES;
				ENABLE_USER_SCRIPT_SANDBOXING = YES;
				GCC_C_LANGUAGE_STANDARD = gnu17;
				GCC_DYNAMIC_NO_PIC = NO;
				GCC_NO_COMMON_BLOCKS = YES;
				GCC_OPTIMIZATION_LEVEL = 0;
				GCC_PREPROCESSOR_DEFINITIONS = (
					"DEBUG=1",
					"$(inherited)",
				);
				GCC_WARN_64_TO_32_BIT_CONVERSION = YES;
				GCC_WARN_ABOUT_RETURN_TYPE = YES_ERROR;
				GCC_WARN_UNDECLARED_SELECTOR = YES;
				GCC_WARN_UNINITIALIZED_AUTOS = YES_AGGRESSIVE;
				GCC_WARN_UNUSED_FUNCTION = YES;
				GCC_WARN_UNUSED_VARIABLE = YES;
				IPHONEOS_DEPLOYMENT_TARGET = 17.2;
				LOCALIZATION_PREFERS_STRING_CATALOGS = YES;
				MTL_ENABLE_DEBUG_INFO = INCLUDE_SOURCE;
				MTL_FAST_MATH = YES;
				ONLY_ACTIVE_ARCH = YES;
				SDKROOT = iphoneos;
				STRING_CATALOG_GENERATE_SYMBOLS = YES;
				SWIFT_ACTIVE_COMPILATION_CONDITIONS = "DEBUG $(inherited)";
				SWIFT_OPTIMIZATION_LEVEL = "-Onone";
			};
			name = Debug;
		};
		95C58B812B75208F00FB7199 /* Release */ = {
			isa = XCBuildConfiguration;
			buildSettings = {
				ALWAYS_SEARCH_USER_PATHS = NO;
				ASSETCATALOG_COMPILER_GENERATE_SWIFT_ASSET_SYMBOL_EXTENSIONS = YES;
				CLANG_ANALYZER_NONNULL = YES;
				CLANG_ANALYZER_NUMBER_OBJECT_CONVERSION = YES_AGGRESSIVE;
				CLANG_CXX_LANGUAGE_STANDARD = "gnu++20";
				CLANG_ENABLE_MODULES = YES;
				CLANG_ENABLE_OBJC_ARC = YES;
				CLANG_ENABLE_OBJC_WEAK = YES;
				CLANG_WARN_BLOCK_CAPTURE_AUTORELEASING = YES;
				CLANG_WARN_BOOL_CONVERSION = YES;
				CLANG_WARN_COMMA = YES;
				CLANG_WARN_CONSTANT_CONVERSION = YES;
				CLANG_WARN_DEPRECATED_OBJC_IMPLEMENTATIONS = YES;
				CLANG_WARN_DIRECT_OBJC_ISA_USAGE = YES_ERROR;
				CLANG_WARN_DOCUMENTATION_COMMENTS = YES;
				CLANG_WARN_EMPTY_BODY = YES;
				CLANG_WARN_ENUM_CONVERSION = YES;
				CLANG_WARN_INFINITE_RECURSION = YES;
				CLANG_WARN_INT_CONVERSION = YES;
				CLANG_WARN_NON_LITERAL_NULL_CONVERSION = YES;
				CLANG_WARN_OBJC_IMPLICIT_RETAIN_SELF = YES;
				CLANG_WARN_OBJC_LITERAL_CONVERSION = YES;
				CLANG_WARN_OBJC_ROOT_CLASS = YES_ERROR;
				CLANG_WARN_QUOTED_INCLUDE_IN_FRAMEWORK_HEADER = YES;
				CLANG_WARN_RANGE_LOOP_ANALYSIS = YES;
				CLANG_WARN_STRICT_PROTOTYPES = YES;
				CLANG_WARN_SUSPICIOUS_MOVE = YES;
				CLANG_WARN_UNGUARDED_AVAILABILITY = YES_AGGRESSIVE;
				CLANG_WARN_UNREACHABLE_CODE = YES;
				CLANG_WARN__DUPLICATE_METHOD_MATCH = YES;
				COPY_PHASE_STRIP = NO;
				DEBUG_INFORMATION_FORMAT = "dwarf-with-dsym";
				ENABLE_NS_ASSERTIONS = NO;
				ENABLE_STRICT_OBJC_MSGSEND = YES;
				ENABLE_USER_SCRIPT_SANDBOXING = YES;
				GCC_C_LANGUAGE_STANDARD = gnu17;
				GCC_NO_COMMON_BLOCKS = YES;
				GCC_WARN_64_TO_32_BIT_CONVERSION = YES;
				GCC_WARN_ABOUT_RETURN_TYPE = YES_ERROR;
				GCC_WARN_UNDECLARED_SELECTOR = YES;
				GCC_WARN_UNINITIALIZED_AUTOS = YES_AGGRESSIVE;
				GCC_WARN_UNUSED_FUNCTION = YES;
				GCC_WARN_UNUSED_VARIABLE = YES;
				IPHONEOS_DEPLOYMENT_TARGET = 17.2;
				LOCALIZATION_PREFERS_STRING_CATALOGS = YES;
				MTL_ENABLE_DEBUG_INFO = NO;
				MTL_FAST_MATH = YES;
				SDKROOT = iphoneos;
				STRING_CATALOG_GENERATE_SYMBOLS = YES;
				SWIFT_COMPILATION_MODE = wholemodule;
				VALIDATE_PRODUCT = YES;
			};
			name = Release;
		};
		95C58B832B75208F00FB7199 /* Debug */ = {
			isa = XCBuildConfiguration;
			buildSettings = {
				ASSETCATALOG_COMPILER_APPICON_NAME = AppIcon;
				ASSETCATALOG_COMPILER_GLOBAL_ACCENT_COLOR_NAME = AccentColor;
				CODE_SIGN_ENTITLEMENTS = Shaw.entitlements;
				CODE_SIGN_STYLE = Automatic;
                CURRENT_PROJECT_VERSION = 2;
				DEVELOPMENT_ASSET_PATHS = "\"Preview Content\"";
				DEVELOPMENT_TEAM = C4ZTUACCUP;
				ENABLE_PREVIEWS = YES;
				GENERATE_INFOPLIST_FILE = YES;
				INFOPLIST_FILE = Info.plist;
				INFOPLIST_KEY_UIApplicationSceneManifest_Generation = YES;
				INFOPLIST_KEY_UIApplicationSupportsIndirectInputEvents = YES;
				INFOPLIST_KEY_UILaunchScreen_Generation = YES;
				INFOPLIST_KEY_UISupportedInterfaceOrientations_iPad = "UIInterfaceOrientationPortrait UIInterfaceOrientationPortraitUpsideDown UIInterfaceOrientationLandscapeLeft UIInterfaceOrientationLandscapeRight";
				INFOPLIST_KEY_UISupportedInterfaceOrientations_iPhone = "UIInterfaceOrientationPortrait UIInterfaceOrientationLandscapeLeft UIInterfaceOrientationLandscapeRight";
				IPHONEOS_DEPLOYMENT_TARGET = 17.2;
				LD_RUNPATH_SEARCH_PATHS = (
					"$(inherited)",
					"@executable_path/Frameworks",
				);
				MARKETING_VERSION = 1.0;
				PRODUCT_BUNDLE_IDENTIFIER = com.vanities.Shaw;
				PRODUCT_NAME = "$(TARGET_NAME)";
				SUPPORTED_PLATFORMS = "iphoneos iphonesimulator";
				SUPPORTS_MACCATALYST = NO;
				SUPPORTS_MAC_DESIGNED_FOR_IPHONE_IPAD = NO;
				SUPPORTS_XR_DESIGNED_FOR_IPHONE_IPAD = NO;
				SWIFT_EMIT_LOC_STRINGS = YES;
				SWIFT_VERSION = 5.0;
				TARGETED_DEVICE_FAMILY = 1;
			};
			name = Debug;
		};
		95C58B842B75208F00FB7199 /* Release */ = {
			isa = XCBuildConfiguration;
			buildSettings = {
				ASSETCATALOG_COMPILER_APPICON_NAME = AppIcon;
				ASSETCATALOG_COMPILER_GLOBAL_ACCENT_COLOR_NAME = AccentColor;
				CODE_SIGN_ENTITLEMENTS = Shaw.entitlements;
				CODE_SIGN_STYLE = Automatic;
                CURRENT_PROJECT_VERSION = 2;
				DEVELOPMENT_ASSET_PATHS = "\"Preview Content\"";
				DEVELOPMENT_TEAM = C4ZTUACCUP;
				ENABLE_PREVIEWS = YES;
				GENERATE_INFOPLIST_FILE = YES;
				INFOPLIST_FILE = Info.plist;
				INFOPLIST_KEY_UIApplicationSceneManifest_Generation = YES;
				INFOPLIST_KEY_UIApplicationSupportsIndirectInputEvents = YES;
				INFOPLIST_KEY_UILaunchScreen_Generation = YES;
				INFOPLIST_KEY_UISupportedInterfaceOrientations_iPad = "UIInterfaceOrientationPortrait UIInterfaceOrientationPortraitUpsideDown UIInterfaceOrientationLandscapeLeft UIInterfaceOrientationLandscapeRight";
				INFOPLIST_KEY_UISupportedInterfaceOrientations_iPhone = "UIInterfaceOrientationPortrait UIInterfaceOrientationLandscapeLeft UIInterfaceOrientationLandscapeRight";
				IPHONEOS_DEPLOYMENT_TARGET = 17.2;
				LD_RUNPATH_SEARCH_PATHS = (
					"$(inherited)",
					"@executable_path/Frameworks",
				);
				MARKETING_VERSION = 1.0;
				PRODUCT_BUNDLE_IDENTIFIER = com.vanities.Shaw;
				PRODUCT_NAME = "$(TARGET_NAME)";
				SUPPORTED_PLATFORMS = "iphoneos iphonesimulator";
				SUPPORTS_MACCATALYST = NO;
				SUPPORTS_MAC_DESIGNED_FOR_IPHONE_IPAD = NO;
				SUPPORTS_XR_DESIGNED_FOR_IPHONE_IPAD = NO;
				SWIFT_EMIT_LOC_STRINGS = YES;
				SWIFT_VERSION = 5.0;
				TARGETED_DEVICE_FAMILY = 1;
			};
			name = Release;
		};
		95C58B862B75208F00FB7199 /* Debug */ = {
			isa = XCBuildConfiguration;
			buildSettings = {
				BUNDLE_LOADER = "$(TEST_HOST)";
				CODE_SIGN_STYLE = Automatic;
                CURRENT_PROJECT_VERSION = 2;
				DEVELOPMENT_TEAM = C4ZTUACCUP;
				GENERATE_INFOPLIST_FILE = YES;
				IPHONEOS_DEPLOYMENT_TARGET = 17.2;
				MARKETING_VERSION = 1.0;
				PRODUCT_BUNDLE_IDENTIFIER = com.vanities.ShawTests;
				PRODUCT_NAME = "$(TARGET_NAME)";
				SWIFT_EMIT_LOC_STRINGS = NO;
				SWIFT_VERSION = 5.0;
				TARGETED_DEVICE_FAMILY = "1,2";
				TEST_HOST = "$(BUILT_PRODUCTS_DIR)/Shaw.app/$(BUNDLE_EXECUTABLE_FOLDER_PATH)/Shaw";
			};
			name = Debug;
		};
		95C58B872B75208F00FB7199 /* Release */ = {
			isa = XCBuildConfiguration;
			buildSettings = {
				BUNDLE_LOADER = "$(TEST_HOST)";
				CODE_SIGN_STYLE = Automatic;
                CURRENT_PROJECT_VERSION = 2;
				DEVELOPMENT_TEAM = C4ZTUACCUP;
				GENERATE_INFOPLIST_FILE = YES;
				IPHONEOS_DEPLOYMENT_TARGET = 17.2;
				MARKETING_VERSION = 1.0;
				PRODUCT_BUNDLE_IDENTIFIER = com.vanities.ShawTests;
				PRODUCT_NAME = "$(TARGET_NAME)";
				SWIFT_EMIT_LOC_STRINGS = NO;
				SWIFT_VERSION = 5.0;
				TARGETED_DEVICE_FAMILY = "1,2";
				TEST_HOST = "$(BUILT_PRODUCTS_DIR)/Shaw.app/$(BUNDLE_EXECUTABLE_FOLDER_PATH)/Shaw";
			};
			name = Release;
		};
		95C58B892B75208F00FB7199 /* Debug */ = {
			isa = XCBuildConfiguration;
			buildSettings = {
				CODE_SIGN_STYLE = Automatic;
                CURRENT_PROJECT_VERSION = 2;
				DEVELOPMENT_TEAM = 8Q3RG3ULSU;
				GENERATE_INFOPLIST_FILE = YES;
				MARKETING_VERSION = 1.0;
				PRODUCT_BUNDLE_IDENTIFIER = com.vanities.ShawUITests;
				PRODUCT_NAME = "$(TARGET_NAME)";
				SWIFT_EMIT_LOC_STRINGS = NO;
				SWIFT_VERSION = 5.0;
				TARGETED_DEVICE_FAMILY = "1,2";
				TEST_TARGET_NAME = Shaw;
			};
			name = Debug;
		};
		95C58B8A2B75208F00FB7199 /* Release */ = {
			isa = XCBuildConfiguration;
			buildSettings = {
				CODE_SIGN_STYLE = Automatic;
                CURRENT_PROJECT_VERSION = 2;
				DEVELOPMENT_TEAM = 8Q3RG3ULSU;
				GENERATE_INFOPLIST_FILE = YES;
				MARKETING_VERSION = 1.0;
				PRODUCT_BUNDLE_IDENTIFIER = com.vanities.ShawUITests;
				PRODUCT_NAME = "$(TARGET_NAME)";
				SWIFT_EMIT_LOC_STRINGS = NO;
				SWIFT_VERSION = 5.0;
				TARGETED_DEVICE_FAMILY = "1,2";
				TEST_TARGET_NAME = Shaw;
			};
			name = Release;
		};
/* End XCBuildConfiguration section */

/* Begin XCConfigurationList section */
		95C58B592B75208B00FB7199 /* Build configuration list for PBXProject "Shaw" */ = {
			isa = XCConfigurationList;
			buildConfigurations = (
				95C58B802B75208F00FB7199 /* Debug */,
				95C58B812B75208F00FB7199 /* Release */,
			);
			defaultConfigurationIsVisible = 0;
			defaultConfigurationName = Release;
		};
		95C58B822B75208F00FB7199 /* Build configuration list for PBXNativeTarget "Shaw" */ = {
			isa = XCConfigurationList;
			buildConfigurations = (
				95C58B832B75208F00FB7199 /* Debug */,
				95C58B842B75208F00FB7199 /* Release */,
			);
			defaultConfigurationIsVisible = 0;
			defaultConfigurationName = Release;
		};
		95C58B852B75208F00FB7199 /* Build configuration list for PBXNativeTarget "ShawTests" */ = {
			isa = XCConfigurationList;
			buildConfigurations = (
				95C58B862B75208F00FB7199 /* Debug */,
				95C58B872B75208F00FB7199 /* Release */,
			);
			defaultConfigurationIsVisible = 0;
			defaultConfigurationName = Release;
		};
		95C58B882B75208F00FB7199 /* Build configuration list for PBXNativeTarget "ShawUITests" */ = {
			isa = XCConfigurationList;
			buildConfigurations = (
				95C58B892B75208F00FB7199 /* Debug */,
				95C58B8A2B75208F00FB7199 /* Release */,
			);
			defaultConfigurationIsVisible = 0;
			defaultConfigurationName = Release;
		};
/* End XCConfigurationList section */

/* Begin XCRemoteSwiftPackageReference section */
		B70B57862EC2595900966EC2 /* XCRemoteSwiftPackageReference "client-sdk-swift" */ = {
			isa = XCRemoteSwiftPackageReference;
			repositoryURL = "https://github.com/livekit/client-sdk-swift";
			requirement = {
				kind = upToNextMajorVersion;
				minimumVersion = 2.9.0;
			};
		};
/* End XCRemoteSwiftPackageReference section */

/* Begin XCSwiftPackageProductDependency section */
		A7E8F3C4D6B9E1F2A8C5D7E9 /* LiveKit */ = {
			isa = XCSwiftPackageProductDependency;
			package = B70B57862EC2595900966EC2 /* XCRemoteSwiftPackageReference "client-sdk-swift" */;
			productName = LiveKit;
		};
/* End XCSwiftPackageProductDependency section */
	};
	rootObject = 95C58B562B75208B00FB7199 /* Project object */;
}
